
Microsoft Visual Studio Solution File, Format Version 12.00
# Visual Studio Version 17
VisualStudioVersion = 17.6.33723.286
MinimumVisualStudioVersion = 10.0.40219.1
Project("{FAE04EC0-301F-11D3-BF4B-00C04F79EFBC}") = "Task_MethodOverloading", "Task_MethodOverloading\Task_MethodOverloading.csproj", "{FA11DF30-974A-4AB9-A88D-5C3429C09FEF}"
EndProject
Global
	GlobalSection(SolutionConfigurationPlatforms) = preSolution
		Debug|Any CPU = Debug|Any CPU
		Release|Any CPU = Release|Any CPU
	EndGlobalSection
	GlobalSection(ProjectConfigurationPlatforms) = postSolution
		{FA11DF30-974A-4AB9-A88D-5C3429C09FEF}.Debug|Any CPU.ActiveCfg = Debug|Any CPU
		{FA11DF30-974A-4AB9-A88D-5C3429C09FEF}.Debug|Any CPU.Build.0 = Debug|Any CPU
		{FA11DF30-974A-4AB9-A88D-5C3429C09FEF}.Release|Any CPU.ActiveCfg = Release|Any CPU
		{FA11DF30-974A-4AB9-A88D-5C3429C09FEF}.Release|Any CPU.Build.0 = Release|Any CPU
	EndGlobalSection
	GlobalSection(SolutionProperties) = preSolution
		HideSolutionNode = FALSE
	EndGlobalSection
	GlobalSection(ExtensibilityGlobals) = postSolution
		SolutionGuid = {2096C285-C9DF-41A0-BCA2-F5EA57C74B7D}
	EndGlobalSection
EndGlobal
